{
  "nodes": {
    "firefox-gnome-theme": {
      "flake": false,
      "locked": {
        "lastModified": 1723137499,
        "narHash": "sha256-MOE9NeU2i6Ws1GhGmppMnjOHkNLl2MQMJmGhaMzdoJM=",
        "owner": "rafaelmardojai",
        "repo": "firefox-gnome-theme",
        "rev": "fb5b578a4f49ae8705e5fea0419242ed1b8dba70",
        "type": "github"
      },
      "original": {
        "owner": "rafaelmardojai",
        "repo": "firefox-gnome-theme",
        "type": "github"
      }
    },
    "home-manager": {
      "inputs": {
        "nixpkgs": [
          "nixpkgs"
        ]
      },
      "locked": {
        "lastModified": 1726592409,
        "narHash": "sha256-2Y6CDvD/BD43WLS77PHu6dUHbdUfFhuzkY8oJAecD/U=",
        "owner": "nix-community",
        "repo": "home-manager",
        "rev": "2ab00f89dd3ecf8012f5090e6d7ca1a7ea30f594",
        "type": "github"
      },
      "original": {
        "owner": "nix-community",
        "ref": "release-24.05",
        "repo": "home-manager",
        "type": "github"
      }
    },
    "nixpkgs": {
      "locked": {
        "lastModified": 1726447378,
        "narHash": "sha256-2yV8nmYE1p9lfmLHhOCbYwQC/W8WYfGQABoGzJOb1JQ=",
        "owner": "NixOS",
        "repo": "nixpkgs",
        "rev": "086b448a5d54fd117f4dc2dee55c9f0ff461bdc1",
        "type": "github"
      },
      "original": {
        "owner": "NixOS",
        "ref": "nixos-24.05",
        "repo": "nixpkgs",
        "type": "github"
      }
    },
    "nur": {
      "locked": {
        "lastModified": 1726858247,
        "narHash": "sha256-IUYdQSkMqvFl1ZpxEkepTaHwHfbqH2cZi3xt2k3pvqw=",
        "owner": "nix-community",
        "repo": "NUR",
        "rev": "22ebfb84d1effa4cdff534e52a8683415d8b77d0",
        "type": "github"
      },
      "original": {
        "owner": "nix-community",
        "repo": "NUR",
        "type": "github"
      }
    },
    "root": {
      "inputs": {
        "firefox-gnome-theme": "firefox-gnome-theme",
        "home-manager": "home-manager",
        "nixpkgs": "nixpkgs",
        "nur": "nur"
      }
    }
  },
  "root": "root",
  "version": 7
}
